
Microsoft Visual Studio Solution File, Format Version 12.00
# Visual Studio Version 17
VisualStudioVersion = 17.2.32616.157
MinimumVisualStudioVersion = 10.0.40219.1
Project("{FAE04EC0-301F-11D3-BF4B-00C04F79EFBC}") = "ComPlingGUI", "ComPlingGUI\ComPlingGUI.csproj", "{205C5AA1-2DC5-4910-9756-CC5520955833}"
EndProject
Global
	GlobalSection(SolutionConfigurationPlatforms) = preSolution
		Debug|Any CPU = Debug|Any CPU
		Release|Any CPU = Release|Any CPU
	EndGlobalSection
	GlobalSection(ProjectConfigurationPlatforms) = postSolution
		{205C5AA1-2DC5-4910-9756-CC5520955833}.Debug|Any CPU.ActiveCfg = Debug|Any CPU
		{205C5AA1-2DC5-4910-9756-CC5520955833}.Debug|Any CPU.Build.0 = Debug|Any CPU
		{205C5AA1-2DC5-4910-9756-CC5520955833}.Release|Any CPU.ActiveCfg = Release|Any CPU
		{205C5AA1-2DC5-4910-9756-CC5520955833}.Release|Any CPU.Build.0 = Release|Any CPU
	EndGlobalSection
	GlobalSection(SolutionProperties) = preSolution
		HideSolutionNode = FALSE
	EndGlobalSection
	GlobalSection(ExtensibilityGlobals) = postSolution
		SolutionGuid = {34039C74-278C-4FA2-867D-8978358F56AA}
	EndGlobalSection
EndGlobal
